// !$*UTF8*$!
{
	archiveVersion = 1;
	classes = {
	};
	objectVersion = 50;
	objects = {

/* Begin PBXBuildFile section */
		BA445C0624D512800088DAE0 /* AppDelegate.swift in Sources */ = {isa = PBXBuildFile; fileRef = BA445C0524D512800088DAE0 /* AppDelegate.swift */; };
		BA445C0824D512800088DAE0 /* SceneDelegate.swift in Sources */ = {isa = PBXBuildFile; fileRef = BA445C0724D512800088DAE0 /* SceneDelegate.swift */; };
		BA445C0A24D512800088DAE0 /* ViewController.swift in Sources */ = {isa = PBXBuildFile; fileRef = BA445C0924D512800088DAE0 /* ViewController.swift */; };
		BA445C0D24D512800088DAE0 /* Main.storyboard in Resources */ = {isa = PBXBuildFile; fileRef = BA445C0B24D512800088DAE0 /* Main.storyboard */; };
		BA445C0F24D512830088DAE0 /* Assets.xcassets in Resources */ = {isa = PBXBuildFile; fileRef = BA445C0E24D512830088DAE0 /* Assets.xcassets */; };
		BA445C1224D512830088DAE0 /* LaunchScreen.storyboard in Resources */ = {isa = PBXBuildFile; fileRef = BA445C1024D512830088DAE0 /* LaunchScreen.storyboard */; };
/* End PBXBuildFile section */

/* Begin PBXFileReference section */
		BA445C0224D512800088DAE0 /* a207HelloLifeC.app */ = {isa = PBXFileReference; explicitFileType = wrapper.application; includeInIndex = 0; path = a207HelloLifeC.app; sourceTree = BUILT_PRODUCTS_DIR; };
		BA445C0524D512800088DAE0 /* AppDelegate.swift */ = {isa = PBXFileReference; lastKnownFileType = sourcecode.swift; path = AppDelegate.swift; sourceTree = "<group>"; };
		BA445C0724D512800088DAE0 /* SceneDelegate.swift */ = {isa = PBXFileReference; lastKnownFileType = sourcecode.swift; path = SceneDelegate.swift; sourceTree = "<group>"; };
		BA445C0924D512800088DAE0 /* ViewController.swift */ = {isa = PBXFileReference; lastKnownFileType = sourcecode.swift; path = ViewController.swift; sourceTree = "<group>"; };
		BA445C0C24D512800088DAE0 /* Base */ = {isa = PBXFileReference; lastKnownFileType = file.storyboard; name = Base; path = Base.lproj/Main.storyboard; sourceTree = "<group>"; };
		BA445C0E24D512830088DAE0 /* Assets.xcassets */ = {isa = PBXFileReference; lastKnownFileType = folder.assetcatalog; path = Assets.xcassets; sourceTree = "<group>"; };
		BA445C1124D512830088DAE0 /* Base */ = {isa = PBXFileReference; lastKnownFileType = file.storyboard; name = Base; path = Base.lproj/LaunchScreen.storyboard; sourceTree = "<group>"; };
		BA445C1324D512830088DAE0 /* Info.plist */ = {isa = PBXFileReference; lastKnownFileType = text.plist.xml; path = Info.plist; sourceTree = "<group>"; };
/* End PBXFileReference section */

/* Begin PBXFrameworksBuildPhase section */
		BA445BFF24D512800088DAE0 /* Frameworks */ = {
			isa = PBXFrameworksBuildPhase;
			buildActionMask = 2147483647;
			files = (
			);
			runOnlyForDeploymentPostprocessing = 0;
		};
/* End PBXFrameworksBuildPhase section */

/* Begin PBXGroup section */
		BA445BF924D512800088DAE0 = {
			isa = PBXGroup;
			children = (
				BA445C0424D512800088DAE0 /* a207HelloLifeC */,
				BA445C0324D512800088DAE0 /* Products */,
			);
			sourceTree = "<group>";
		};
		BA445C0324D512800088DAE0 /* Products */ = {
			isa = PBXGroup;
			children = (
				BA445C0224D512800088DAE0 /* a207HelloLifeC.app */,
			);
			name = Products;
			sourceTree = "<group>";
		};
		BA445C0424D512800088DAE0 /* a207HelloLifeC */ = {
			isa = PBXGroup;
			children = (
				BA445C0524D512800088DAE0 /* AppDelegate.swift */,
				BA445C0724D512800088DAE0 /* SceneDelegate.swift */,
				BA445C0924D512800088DAE0 /* ViewController.swift */,
				BA445C0B24D512800088DAE0 /* Main.storyboard */,
				BA445C0E24D512830088DAE0 /* Assets.xcassets */,
				BA445C1024D512830088DAE0 /* LaunchScreen.storyboard */,
				BA445C1324D512830088DAE0 /* Info.plist */,
			);
			path = a207HelloLifeC;
			sourceTree = "<group>";
		};
/* End PBXGroup section */

/* Begin PBXNativeTarget section */
		BA445C0124D512800088DAE0 /* a207HelloLifeC */ = {
			isa = PBXNativeTarget;
			buildConfigurationList = BA445C1624D512830088DAE0 /* Build configuration list for PBXNativeTarget "a207HelloLifeC" */;
			buildPhases = (
				BA445BFE24D512800088DAE0 /* Sources */,
				BA445BFF24D512800088DAE0 /* Frameworks */,
				BA445C0024D512800088DAE0 /* Resources */,
			);
			buildRules = (
			);
			dependencies = (
			);
			name = a207HelloLifeC;
			productName = a207HelloLifeC;
			productReference = BA445C0224D512800088DAE0 /* a207HelloLifeC.app */;
			productType = "com.apple.product-type.application";
		};
/* End PBXNativeTarget section */

/* Begin PBXProject section */
		BA445BFA24D512800088DAE0 /* Project object */ = {
			isa = PBXProject;
			attributes = {
				LastSwiftUpdateCheck = 1160;
				LastUpgradeCheck = 1160;
				ORGANIZATIONNAME = "申潤五";
				TargetAttributes = {
					BA445C0124D512800088DAE0 = {
						CreatedOnToolsVersion = 11.6;
					};
				};
			};
			buildConfigurationList = BA445BFD24D512800088DAE0 /* Build configuration list for PBXProject "a207HelloLifeC" */;
			compatibilityVersion = "Xcode 9.3";
			developmentRegion = en;
			hasScannedForEncodings = 0;
			knownRegions = (
				en,
				Base,
			);
			mainGroup = BA445BF924D512800088DAE0;
			productRefGroup = BA445C0324D512800088DAE0 /* Products */;
			projectDirPath = "";
			projectRoot = "";
			targets = (
				BA445C0124D512800088DAE0 /* a207HelloLifeC */,
			);
		};
/* End PBXProject section */

/* Begin PBXResourcesBuildPhase section */
		BA445C0024D512800088DAE0 /* Resources */ = {
			isa = PBXResourcesBuildPhase;
			buildActionMask = 2147483647;
			files = (
				BA445C1224D512830088DAE0 /* LaunchScreen.storyboard in Resources */,
				BA445C0F24D512830088DAE0 /* Assets.xcassets in Resources */,
				BA445C0D24D512800088DAE0 /* Main.storyboard in Resources */,
			);
			runOnlyForDeploymentPostprocessing = 0;
		};
/* End PBXResourcesBuildPhase section */

/* Begin PBXSourcesBuildPhase section */
		BA445BFE24D512800088DAE0 /* Sources */ = {
			isa = PBXSourcesBuildPhase;
			buildActionMask = 2147483647;
			files = (
				BA445C0A24D512800088DAE0 /* ViewController.swift in Sources */,
				BA445C0624D512800088DAE0 /* AppDelegate.swift in Sources */,
				BA445C0824D512800088DAE0 /* SceneDelegate.swift in Sources */,
			);
			runOnlyForDeploymentPostprocessing = 0;
		};
/* End PBXSourcesBuildPhase section */

/* Begin PBXVariantGroup section */
		BA445C0B24D512800088DAE0 /* Main.storyboard */ = {
			isa = PBXVariantGroup;
			children = (
				BA445C0C24D512800088DAE0 /* Base */,
			);
			name = Main.storyboard;
			sourceTree = "<group>";
		};
		BA445C1024D512830088DAE0 /* LaunchScreen.storyboard */ = {
			isa = PBXVariantGroup;
			children = (
				BA445C1124D512830088DAE0 /* Base */,
			);
			name = LaunchScreen.storyboard;
			sourceTree = "<group>";
		};
/* End PBXVariantGroup section */

/* Begin XCBuildConfiguration section */
		BA445C1424D512830088DAE0 /* Debug */ = {
			isa = XCBuildConfiguration;
			buildSettings = {
				ALWAYS_SEARCH_USER_PATHS = NO;
				CLANG_ANALYZER_NONNULL = YES;
				CLANG_ANALYZER_NUMBER_OBJECT_CONVERSION = YES_AGGRESSIVE;
				CLANG_CXX_LANGUAGE_STANDARD = "gnu++14";
				CLANG_CXX_LIBRARY = "libc++";
				CLANG_ENABLE_MODULES = YES;
				CLANG_ENABLE_OBJC_ARC = YES;
				CLANG_ENABLE_OBJC_WEAK = YES;
				CLANG_WARN_BLOCK_CAPTURE_AUTORELEASING = YES;
				CLANG_WARN_BOOL_CONVERSION = YES;
				CLANG_WARN_COMMA = YES;
				CLANG_WARN_CONSTANT_CONVERSION = YES;
				CLANG_WARN_DEPRECATED_OBJC_IMPLEMENTATIONS = YES;
				CLANG_WARN_DIRECT_OBJC_ISA_USAGE = YES_ERROR;
				CLANG_WARN_DOCUMENTATION_COMMENTS = YES;
				CLANG_WARN_EMPTY_BODY = YES;
				CLANG_WARN_ENUM_CONVERSION = YES;
				CLANG_WARN_INFINITE_RECURSION = YES;
				CLANG_WARN_INT_CONVERSION = YES;
				CLANG_WARN_NON_LITERAL_NULL_CONVERSION = YES;
				CLANG_WARN_OBJC_IMPLICIT_RETAIN_SELF = YES;
				CLANG_WARN_OBJC_LITERAL_CONVERSION = YES;
				CLANG_WARN_OBJC_ROOT_CLASS = YES_ERROR;
				CLANG_WARN_RANGE_LOOP_ANALYSIS = YES;
				CLANG_WARN_STRICT_PROTOTYPES = YES;
				CLANG_WARN_SUSPICIOUS_MOVE = YES;
				CLANG_WARN_UNGUARDED_AVAILABILITY = YES_AGGRESSIVE;
				CLANG_WARN_UNREACHABLE_CODE = YES;
				CLANG_WARN__DUPLICATE_METHOD_MATCH = YES;
				COPY_PHASE_STRIP = NO;
				DEBUG_INFORMATION_FORMAT = dwarf;
				ENABLE_STRICT_OBJC_MSGSEND = YES;
				ENABLE_TESTABILITY = YES;
				GCC_C_LANGUAGE_STANDARD = gnu11;
				GCC_DYNAMIC_NO_PIC = NO;
				GCC_NO_COMMON_BLOCKS = YES;
				GCC_OPTIMIZATION_LEVEL = 0;
				GCC_PREPROCESSOR_DEFINITIONS = (
					"DEBUG=1",
					"$(inherited)",
				);
				GCC_WARN_64_TO_32_BIT_CONVERSION = YES;
				GCC_WARN_ABOUT_RETURN_TYPE = YES_ERROR;
				GCC_WARN_UNDECLARED_SELECTOR = YES;
				GCC_WARN_UNINITIALIZED_AUTOS = YES_AGGRESSIVE;
				GCC_WARN_UNUSED_FUNCTION = YES;
				GCC_WARN_UNUSED_VARIABLE = YES;
				IPHONEOS_DEPLOYMENT_TARGET = 13.6;
				MTL_ENABLE_DEBUG_INFO = INCLUDE_SOURCE;
				MTL_FAST_MATH = YES;
				ONLY_ACTIVE_ARCH = YES;
				SDKROOT = iphoneos;
				SWIFT_ACTIVE_COMPILATION_CONDITIONS = DEBUG;
				SWIFT_OPTIMIZATION_LEVEL = "-Onone";
			};
			name = Debug;
		};
		BA445C1524D512830088DAE0 /* Release */ = {
			isa = XCBuildConfiguration;
			buildSettings = {
				ALWAYS_SEARCH_USER_PATHS = NO;
				CLANG_ANALYZER_NONNULL = YES;
				CLANG_ANALYZER_NUMBER_OBJECT_CONVERSION = YES_AGGRESSIVE;
				CLANG_CXX_LANGUAGE_STANDARD = "gnu++14";
				CLANG_CXX_LIBRARY = "libc++";
				CLANG_ENABLE_MODULES = YES;
				CLANG_ENABLE_OBJC_ARC = YES;
				CLANG_ENABLE_OBJC_WEAK = YES;
				CLANG_WARN_BLOCK_CAPTURE_AUTORELEASING = YES;
				CLANG_WARN_BOOL_CONVERSION = YES;
				CLANG_WARN_COMMA = YES;
				CLANG_WARN_CONSTANT_CONVERSION = YES;
				CLANG_WARN_DEPRECATED_OBJC_IMPLEMENTATIONS = YES;
				CLANG_WARN_DIRECT_OBJC_ISA_USAGE = YES_ERROR;
				CLANG_WARN_DOCUMENTATION_COMMENTS = YES;
				CLANG_WARN_EMPTY_BODY = YES;
				CLANG_WARN_ENUM_CONVERSION = YES;
				CLANG_WARN_INFINITE_RECURSION = YES;
				CLANG_WARN_INT_CONVERSION = YES;
				CLANG_WARN_NON_LITERAL_NULL_CONVERSION = YES;
				CLANG_WARN_OBJC_IMPLICIT_RETAIN_SELF = YES;
				CLANG_WARN_OBJC_LITERAL_CONVERSION = YES;
				CLANG_WARN_OBJC_ROOT_CLASS = YES_ERROR;
				CLANG_WARN_RANGE_LOOP_ANALYSIS = YES;
				CLANG_WARN_STRICT_PROTOTYPES = YES;
				CLANG_WARN_SUSPICIOUS_MOVE = YES;
				CLANG_WARN_UNGUARDED_AVAILABILITY = YES_AGGRESSIVE;
				CLANG_WARN_UNREACHABLE_CODE = YES;
				CLANG_WARN__DUPLICATE_METHOD_MATCH = YES;
				COPY_PHASE_STRIP = NO;
				DEBUG_INFORMATION_FORMAT = "dwarf-with-dsym";
				ENABLE_NS_ASSERTIONS = NO;
				ENABLE_STRICT_OBJC_MSGSEND = YES;
				GCC_C_LANGUAGE_STANDARD = gnu11;
				GCC_NO_COMMON_BLOCKS = YES;
				GCC_WARN_64_TO_32_BIT_CONVERSION = YES;
				GCC_WARN_ABOUT_RETURN_TYPE = YES_ERROR;
				GCC_WARN_UNDECLARED_SELECTOR = YES;
				GCC_WARN_UNINITIALIZED_AUTOS = YES_AGGRESSIVE;
				GCC_WARN_UNUSED_FUNCTION = YES;
				GCC_WARN_UNUSED_VARIABLE = YES;
				IPHONEOS_DEPLOYMENT_TARGET = 13.6;
				MTL_ENABLE_DEBUG_INFO = NO;
				MTL_FAST_MATH = YES;
				SDKROOT = iphoneos;
				SWIFT_COMPILATION_MODE = wholemodule;
				SWIFT_OPTIMIZATION_LEVEL = "-O";
				VALIDATE_PRODUCT = YES;
			};
			name = Release;
		};
		BA445C1724D512830088DAE0 /* Debug */ = {
			isa = XCBuildConfiguration;
			buildSettings = {
				ASSETCATALOG_COMPILER_APPICON_NAME = AppIcon;
				CODE_SIGN_STYLE = Automatic;
				DEVELOPMENT_TEAM = XSVW22JPST;
				INFOPLIST_FILE = a207HelloLifeC/Info.plist;
				LD_RUNPATH_SEARCH_PATHS = (
					"$(inherited)",
					"@executable_path/Frameworks",
				);
				PRODUCT_BUNDLE_IDENTIFIER = idev.sjw.a207HelloLifeC;
				PRODUCT_NAME = "$(TARGET_NAME)";
				SWIFT_VERSION = 5.0;
				TARGETED_DEVICE_FAMILY = "1,2";
			};
			name = Debug;
		};
		BA445C1824D512830088DAE0 /* Release */ = {
			isa = XCBuildConfiguration;
			buildSettings = {
				ASSETCATALOG_COMPILER_APPICON_NAME = AppIcon;
				CODE_SIGN_STYLE = Automatic;
				DEVELOPMENT_TEAM = XSVW22JPST;
				INFOPLIST_FILE = a207HelloLifeC/Info.plist;
				LD_RUNPATH_SEARCH_PATHS = (
					"$(inherited)",
					"@executable_path/Frameworks",
				);
				PRODUCT_BUNDLE_IDENTIFIER = idev.sjw.a207HelloLifeC;
				PRODUCT_NAME = "$(TARGET_NAME)";
				SWIFT_VERSION = 5.0;
				TARGETED_DEVICE_FAMILY = "1,2";
			};
			name = Release;
		};
/* End XCBuildConfiguration section */

/* Begin XCConfigurationList section */
		BA445BFD24D512800088DAE0 /* Build configuration list for PBXProject "a207HelloLifeC" */ = {
			isa = XCConfigurationList;
			buildConfigurations = (
				BA445C1424D512830088DAE0 /* Debug */,
				BA445C1524D512830088DAE0 /* Release */,
			);
			defaultConfigurationIsVisible = 0;
			defaultConfigurationName = Release;
		};
		BA445C1624D512830088DAE0 /* Build configuration list for PBXNativeTarget "a207HelloLifeC" */ = {
			isa = XCConfigurationList;
			buildConfigurations = (
				BA445C1724D512830088DAE0 /* Debug */,
				BA445C1824D512830088DAE0 /* Release */,
			);
			defaultConfigurationIsVisible = 0;
			defaultConfigurationName = Release;
		};
/* End XCConfigurationList section */
	};
	rootObject = BA445BFA24D512800088DAE0 /* Project object */;
}
